
Microsoft Visual Studio Solution File, Format Version 12.00
# Visual Studio 15
VisualStudioVersion = 15.0.28307.1500
MinimumVisualStudioVersion = 10.0.40219.1
Project("{FAE04EC0-301F-11D3-BF4B-00C04F79EFBC}") = "WebApplication1", "WebApplication1\WebApplication1.csproj", "{ED6690CD-61F8-4E14-A86D-BC8263C810CD}"
EndProject
Global
	GlobalSection(SolutionConfigurationPlatforms) = preSolution
		Debug|Any CPU = Debug|Any CPU
		Release|Any CPU = Release|Any CPU
	EndGlobalSection
	GlobalSection(ProjectConfigurationPlatforms) = postSolution
		{ED6690CD-61F8-4E14-A86D-BC8263C810CD}.Debug|Any CPU.ActiveCfg = Debug|Any CPU
		{ED6690CD-61F8-4E14-A86D-BC8263C810CD}.Debug|Any CPU.Build.0 = Debug|Any CPU
		{ED6690CD-61F8-4E14-A86D-BC8263C810CD}.Release|Any CPU.ActiveCfg = Release|Any CPU
		{ED6690CD-61F8-4E14-A86D-BC8263C810CD}.Release|Any CPU.Build.0 = Release|Any CPU
	EndGlobalSection
	GlobalSection(SolutionProperties) = preSolution
		HideSolutionNode = FALSE
	EndGlobalSection
	GlobalSection(ExtensibilityGlobals) = postSolution
		SolutionGuid = {7C79747F-D284-4603-A297-12DC6B931119}
	EndGlobalSection
EndGlobal
